{
  "name": "logger",
  "version": "1.0.0",
  "lockfileVersion": 2,
  "requires": true,
  "packages": {
    "": {
      "name": "logger",
      "version": "1.0.0",
      "dependencies": {
        "lodash": "4.17.21",
        "pigallery2-extension-kit": "latest"
      }
    },
    "node_modules/lodash": {
      "version": "4.17.21",
      "resolved": "https://registry.npmjs.org/lodash/-/lodash-4.17.21.tgz",
      "integrity": "sha512-v2kDEe57lecTulaDIuNTPy3Ry4gLGJ6Z1O3vE1krgXZNrsQ+LFTGHVxVjcXPs17LhbZVGedAJv8XZ1tvj5FvSg=="
    },
    "node_modules/pigallery2-extension-kit": {
      "version": "2.0.2-edge",
      "resolved": "https://registry.npmjs.org/pigallery2-extension-kit/-/pigallery2-extension-kit-2.0.2-edge.tgz",
      "integrity": "sha512-1Etd064/c6znqsCY/TA0wQKkrRfKrYqGY8mtUt6PyWrUocfwfWIgVQjSFsWdyf54NX1sbag0hw8svFQErSaJnQ=="
    }
  },
  "dependencies": {
    "lodash": {
      "version": "4.17.21",
      "resolved": "https://registry.npmjs.org/lodash/-/lodash-4.17.21.tgz",
      "integrity": "sha512-v2kDEe57lecTulaDIuNTPy3Ry4gLGJ6Z1O3vE1krgXZNrsQ+LFTGHVxVjcXPs17LhbZVGedAJv8XZ1tvj5FvSg=="
    },
    "pigallery2-extension-kit": {
      "version": "2.0.2-edge",
      "resolved": "https://registry.npmjs.org/pigallery2-extension-kit/-/pigallery2-extension-kit-2.0.2-edge.tgz",
      "integrity": "sha512-1Etd064/c6znqsCY/TA0wQKkrRfKrYqGY8mtUt6PyWrUocfwfWIgVQjSFsWdyf54NX1sbag0hw8svFQErSaJnQ=="
    }
  }
}
