{
  "name": "pigallery2-sample-extension",
  "version": "1.0.0",
  "lockfileVersion": 3,
  "requires": true,
  "packages": {
    "": {
      "name": "pigallery2-sample-extension",
      "version": "1.0.0",
      "license": "MIT",
      "dependencies": {
        "lodash": "4.17.21",
        "pigallery2-extension-kit": "2.0.3-edge3"
      },
      "devDependencies": {
        "typescript": "4.8.4"
      }
    },
    "node_modules/lodash": {
      "version": "4.17.21",
      "license": "MIT"
    },
    "node_modules/pigallery2-extension-kit": {
      "version": "2.0.3-edge3",
      "resolved": "https://registry.npmjs.org/pigallery2-extension-kit/-/pigallery2-extension-kit-2.0.3-edge3.tgz",
      "integrity": "sha512-traMuGCauDrtVOSFdE6WHLRRkMLpkMU6O33SEbmisrOBj+vH65wKVY1lpchT6VxrdlyEYyGfJoWNIU2hoju/7g=="
    },
    "node_modules/typescript": {
      "version": "4.8.4",
      "dev": true,
      "license": "Apache-2.0",
      "bin": {
        "tsc": "bin/tsc",
        "tsserver": "bin/tsserver"
      },
      "engines": {
        "node": ">=4.2.0"
      }
    }
  }
}
